
Microsoft Visual Studio Solution File, Format Version 12.00
# Visual Studio 15
VisualStudioVersion = 15.0.28307.329
MinimumVisualStudioVersion = 10.0.40219.1
Project("{FAE04EC0-301F-11D3-BF4B-00C04F79EFBC}") = "FIT5032_Week03", "WebApplication1\FIT5032_Week03.csproj", "{EEA118C2-4371-40B4-BCCC-68525CEB054D}"
EndProject
Project("{FAE04EC0-301F-11D3-BF4B-00C04F79EFBC}") = "WebApplication1.Tests", "WebApplication1.Tests\WebApplication1.Tests.csproj", "{5C5FBBF1-FE42-4349-88F9-FAA8C67C8BE0}"
EndProject
Global
	GlobalSection(SolutionConfigurationPlatforms) = preSolution
		Debug|Any CPU = Debug|Any CPU
		Release|Any CPU = Release|Any CPU
	EndGlobalSection
	GlobalSection(ProjectConfigurationPlatforms) = postSolution
		{EEA118C2-4371-40B4-BCCC-68525CEB054D}.Debug|Any CPU.ActiveCfg = Debug|Any CPU
		{EEA118C2-4371-40B4-BCCC-68525CEB054D}.Debug|Any CPU.Build.0 = Debug|Any CPU
		{EEA118C2-4371-40B4-BCCC-68525CEB054D}.Release|Any CPU.ActiveCfg = Release|Any CPU
		{EEA118C2-4371-40B4-BCCC-68525CEB054D}.Release|Any CPU.Build.0 = Release|Any CPU
		{5C5FBBF1-FE42-4349-88F9-FAA8C67C8BE0}.Debug|Any CPU.ActiveCfg = Debug|Any CPU
		{5C5FBBF1-FE42-4349-88F9-FAA8C67C8BE0}.Debug|Any CPU.Build.0 = Debug|Any CPU
		{5C5FBBF1-FE42-4349-88F9-FAA8C67C8BE0}.Release|Any CPU.ActiveCfg = Release|Any CPU
		{5C5FBBF1-FE42-4349-88F9-FAA8C67C8BE0}.Release|Any CPU.Build.0 = Release|Any CPU
	EndGlobalSection
	GlobalSection(SolutionProperties) = preSolution
		HideSolutionNode = FALSE
	EndGlobalSection
	GlobalSection(ExtensibilityGlobals) = postSolution
		SolutionGuid = {33D436BE-3B65-40EC-A647-BE70A518E542}
	EndGlobalSection
EndGlobal
